
Microsoft Visual Studio Solution File, Format Version 12.00
# Visual Studio Version 16
VisualStudioVersion = 16.0.31105.61
MinimumVisualStudioVersion = 10.0.40219.1
Project("{FAE04EC0-301F-11D3-BF4B-00C04F79EFBC}") = "SampleApplication.Api", "src\SampleApplication.Api\SampleApplication.Api.csproj", "{6C86418A-9552-4EA7-8A53-32408C2B3EEB}"
EndProject
Global
	GlobalSection(SolutionConfigurationPlatforms) = preSolution
		Debug|Any CPU = Debug|Any CPU
		Release|Any CPU = Release|Any CPU
	EndGlobalSection
	GlobalSection(ProjectConfigurationPlatforms) = postSolution
		{6C86418A-9552-4EA7-8A53-32408C2B3EEB}.Debug|Any CPU.ActiveCfg = Debug|Any CPU
		{6C86418A-9552-4EA7-8A53-32408C2B3EEB}.Debug|Any CPU.Build.0 = Debug|Any CPU
		{6C86418A-9552-4EA7-8A53-32408C2B3EEB}.Release|Any CPU.ActiveCfg = Release|Any CPU
		{6C86418A-9552-4EA7-8A53-32408C2B3EEB}.Release|Any CPU.Build.0 = Release|Any CPU
	EndGlobalSection
	GlobalSection(SolutionProperties) = preSolution
		HideSolutionNode = FALSE
	EndGlobalSection
	GlobalSection(ExtensibilityGlobals) = postSolution
		SolutionGuid = {5B54B630-B125-434B-BE03-76BCB38069AD}
	EndGlobalSection
EndGlobal
